
Microsoft Visual Studio Solution File, Format Version 12.00
# Visual Studio Version 17
VisualStudioVersion = 17.10.35122.118
MinimumVisualStudioVersion = 10.0.40219.1
Project("{FAE04EC0-301F-11D3-BF4B-00C04F79EFBC}") = "SevenUp", "SevenUp\SevenUp.csproj", "{E71C2F07-4CA8-41FE-8CF0-1617EDD73803}"
EndProject
Project("{FAE04EC0-301F-11D3-BF4B-00C04F79EFBC}") = "SevenUpClassLib", "SevenUpClassLib\SevenUpClassLib.csproj", "{1528A03E-DE2E-4931-9B46-0282EDDBC7E8}"
EndProject
Global
	GlobalSection(SolutionConfigurationPlatforms) = preSolution
		Debug|Any CPU = Debug|Any CPU
		Release|Any CPU = Release|Any CPU
	EndGlobalSection
	GlobalSection(ProjectConfigurationPlatforms) = postSolution
		{E71C2F07-4CA8-41FE-8CF0-1617EDD73803}.Debug|Any CPU.ActiveCfg = Debug|Any CPU
		{E71C2F07-4CA8-41FE-8CF0-1617EDD73803}.Debug|Any CPU.Build.0 = Debug|Any CPU
		{E71C2F07-4CA8-41FE-8CF0-1617EDD73803}.Release|Any CPU.ActiveCfg = Release|Any CPU
		{E71C2F07-4CA8-41FE-8CF0-1617EDD73803}.Release|Any CPU.Build.0 = Release|Any CPU
		{1528A03E-DE2E-4931-9B46-0282EDDBC7E8}.Debug|Any CPU.ActiveCfg = Debug|Any CPU
		{1528A03E-DE2E-4931-9B46-0282EDDBC7E8}.Debug|Any CPU.Build.0 = Debug|Any CPU
		{1528A03E-DE2E-4931-9B46-0282EDDBC7E8}.Release|Any CPU.ActiveCfg = Release|Any CPU
		{1528A03E-DE2E-4931-9B46-0282EDDBC7E8}.Release|Any CPU.Build.0 = Release|Any CPU
	EndGlobalSection
	GlobalSection(SolutionProperties) = preSolution
		HideSolutionNode = FALSE
	EndGlobalSection
	GlobalSection(ExtensibilityGlobals) = postSolution
		SolutionGuid = {45ECAB42-DEE5-40CB-885C-8654BBB7D8FE}
	EndGlobalSection
EndGlobal
